
Microsoft Visual Studio Solution File, Format Version 12.00
# Visual Studio 15
VisualStudioVersion = 15.0.28010.2036
MinimumVisualStudioVersion = 10.0.40219.1
Project("{FAE04EC0-301F-11D3-BF4B-00C04F79EFBC}") = "Lab5_LinkListGen", "Lab5_LinkListGen\Lab5_LinkListGen.csproj", "{4F6A8917-B2F5-4AEA-87C2-81309861A277}"
EndProject
Global
	GlobalSection(SolutionConfigurationPlatforms) = preSolution
		Debug|Any CPU = Debug|Any CPU
		Release|Any CPU = Release|Any CPU
	EndGlobalSection
	GlobalSection(ProjectConfigurationPlatforms) = postSolution
		{4F6A8917-B2F5-4AEA-87C2-81309861A277}.Debug|Any CPU.ActiveCfg = Debug|Any CPU
		{4F6A8917-B2F5-4AEA-87C2-81309861A277}.Debug|Any CPU.Build.0 = Debug|Any CPU
		{4F6A8917-B2F5-4AEA-87C2-81309861A277}.Release|Any CPU.ActiveCfg = Release|Any CPU
		{4F6A8917-B2F5-4AEA-87C2-81309861A277}.Release|Any CPU.Build.0 = Release|Any CPU
	EndGlobalSection
	GlobalSection(SolutionProperties) = preSolution
		HideSolutionNode = FALSE
	EndGlobalSection
	GlobalSection(ExtensibilityGlobals) = postSolution
		SolutionGuid = {54437765-8195-4F89-BB5B-634682A5557E}
	EndGlobalSection
EndGlobal
